
Microsoft Visual Studio Solution File, Format Version 12.00
# Visual Studio Version 17
VisualStudioVersion = 17.0.31912.275
MinimumVisualStudioVersion = 10.0.40219.1
Project("{FAE04EC0-301F-11D3-BF4B-00C04F79EFBC}") = "StoredProcedure", "StoredProcedure\StoredProcedure.csproj", "{52A40831-5FB8-4C6A-88E0-BFE8FB08B852}"
EndProject
Global
	GlobalSection(SolutionConfigurationPlatforms) = preSolution
		Debug|Any CPU = Debug|Any CPU
		Release|Any CPU = Release|Any CPU
	EndGlobalSection
	GlobalSection(ProjectConfigurationPlatforms) = postSolution
		{52A40831-5FB8-4C6A-88E0-BFE8FB08B852}.Debug|Any CPU.ActiveCfg = Debug|Any CPU
		{52A40831-5FB8-4C6A-88E0-BFE8FB08B852}.Debug|Any CPU.Build.0 = Debug|Any CPU
		{52A40831-5FB8-4C6A-88E0-BFE8FB08B852}.Release|Any CPU.ActiveCfg = Release|Any CPU
		{52A40831-5FB8-4C6A-88E0-BFE8FB08B852}.Release|Any CPU.Build.0 = Release|Any CPU
	EndGlobalSection
	GlobalSection(SolutionProperties) = preSolution
		HideSolutionNode = FALSE
	EndGlobalSection
	GlobalSection(ExtensibilityGlobals) = postSolution
		SolutionGuid = {66A5755D-DC26-46D2-87F8-73D7ADDEA294}
	EndGlobalSection
EndGlobal
